
Microsoft Visual Studio Solution File, Format Version 12.00
# Visual Studio Version 17
VisualStudioVersion = 17.3.32922.545
MinimumVisualStudioVersion = 10.0.40219.1
Project("{FAE04EC0-301F-11D3-BF4B-00C04F79EFBC}") = "projectverseAPI", "projectverseAPI\projectverseAPI.csproj", "{CBBBCCD6-80CC-48C0-AD50-A191CE7FB9E2}"
EndProject
Global
	GlobalSection(SolutionConfigurationPlatforms) = preSolution
		Debug|Any CPU = Debug|Any CPU
		Release|Any CPU = Release|Any CPU
	EndGlobalSection
	GlobalSection(ProjectConfigurationPlatforms) = postSolution
		{CBBBCCD6-80CC-48C0-AD50-A191CE7FB9E2}.Debug|Any CPU.ActiveCfg = Debug|Any CPU
		{CBBBCCD6-80CC-48C0-AD50-A191CE7FB9E2}.Debug|Any CPU.Build.0 = Debug|Any CPU
		{CBBBCCD6-80CC-48C0-AD50-A191CE7FB9E2}.Release|Any CPU.ActiveCfg = Release|Any CPU
		{CBBBCCD6-80CC-48C0-AD50-A191CE7FB9E2}.Release|Any CPU.Build.0 = Release|Any CPU
	EndGlobalSection
	GlobalSection(SolutionProperties) = preSolution
		HideSolutionNode = FALSE
	EndGlobalSection
	GlobalSection(ExtensibilityGlobals) = postSolution
		SolutionGuid = {B4A2D9D7-0486-4170-8AD9-6D9A6F86B82F}
	EndGlobalSection
EndGlobal
